speakeasyVersion: 1.636.3
sources:
    Knowledge Portal Manager APIs:
        sourceNamespace: knowledge-portal-manager-ap-is
        sourceRevisionDigest: sha256:670806534a4e347076018a5e3ac3eb69d1d22ed0e2e559de30b3672cb565c977
        sourceBlobDigest: sha256:d5a0e814fa62a6b38ba49a1f2b083434ed396e6431e43427b8d54ed47f97c7a6
        tags:
            - latest
            - 4.0.0
targets:
    egain:
        source: Knowledge Portal Manager APIs
        sourceNamespace: knowledge-portal-manager-ap-is
        sourceRevisionDigest: sha256:670806534a4e347076018a5e3ac3eb69d1d22ed0e2e559de30b3672cb565c977
        sourceBlobDigest: sha256:d5a0e814fa62a6b38ba49a1f2b083434ed396e6431e43427b8d54ed47f97c7a6
        codeSamplesNamespace: knowledge-portal-manager-ap-is-python-code-samples
        codeSamplesRevisionDigest: sha256:76b367789e2b2532e903f0be7f77c688906d8111ae00c0a6d84769ec258c9062
workflow:
    workflowVersion: 1.0.0
    speakeasyVersion: latest
    sources:
        Knowledge Portal Manager APIs:
            inputs:
                - location: ../speakeasy/aiservices/v4/api-with-overlay.yaml
                - location: ../speakeasy/contentmgr/v4/api-with-overlay.yaml
                - location: ../speakeasy/portalmgr/v4/api-with-overlay.yaml
            overlays:
                - location: ../speakeasy/languageoverlays/python.yaml
            output: .speakeasy/out.openapi.yaml
            registry:
                location: registry.speakeasyapi.dev/egain-corporation/portalmgr/knowledge-portal-manager-ap-is
    targets:
        egain:
            target: python
            source: Knowledge Portal Manager APIs
            publish:
                pypi:
                    token: $pypi_token
            codeSamples:
                registry:
                    location: registry.speakeasyapi.dev/egain-corporation/portalmgr/knowledge-portal-manager-ap-is-python-code-samples
                labelOverride:
                    fixedValue: Python (SDK)
                blocking: false
