speakeasyVersion: 1.636.0
sources:
    Knowledge Portal Manager APIs:
        sourceNamespace: knowledge-portal-manager-ap-is
        sourceRevisionDigest: sha256:b6c6080ce6099193f45c40e81e0c0b9ce8ba846e11bfe0d97e0464e032a49e13
        sourceBlobDigest: sha256:38c8efab9d85f905db3ba3014fecce5721dbef5e867e5f1421454a2eb2b61f04
        tags:
            - latest
            - 4.0.0
targets:
    egain:
        source: Knowledge Portal Manager APIs
        sourceNamespace: knowledge-portal-manager-ap-is
        sourceRevisionDigest: sha256:b6c6080ce6099193f45c40e81e0c0b9ce8ba846e11bfe0d97e0464e032a49e13
        sourceBlobDigest: sha256:38c8efab9d85f905db3ba3014fecce5721dbef5e867e5f1421454a2eb2b61f04
        codeSamplesNamespace: knowledge-portal-manager-ap-is-python-code-samples
        codeSamplesRevisionDigest: sha256:d1414cc0c1a51c23ce0b1a016857d3889a4c6c20dda0323bd5622910ea9a672e
workflow:
    workflowVersion: 1.0.0
    speakeasyVersion: latest
    sources:
        Knowledge Portal Manager APIs:
            inputs:
                - location: ../speakeasy/aiservices/v4/api-with-overlay.yaml
                - location: ../speakeasy/contentmgr/v4/api-with-overlay.yaml
                - location: ../speakeasy/portalmgr/v4/api-with-overlay.yaml
            overlays:
                - location: ../speakeasy/languageoverlays/python.yaml
            output: .speakeasy/out.openapi.yaml
            registry:
                location: registry.speakeasyapi.dev/egain-corporation/portalmgr/knowledge-portal-manager-ap-is
    targets:
        egain:
            target: python
            source: Knowledge Portal Manager APIs
            publish:
                pypi:
                    token: $pypi_token
            codeSamples:
                registry:
                    location: registry.speakeasyapi.dev/egain-corporation/portalmgr/knowledge-portal-manager-ap-is-python-code-samples
                labelOverride:
                    fixedValue: Python (SDK)
                blocking: false
