speakeasyVersion: 1.634.2
sources:
    Knowledge Portal Manager APIs:
        sourceNamespace: knowledge-portal-manager-ap-is
        sourceRevisionDigest: sha256:5dd444e80ae2906cb26df3a6a32fd11b009b427fa57c4d8b420749906117a112
        sourceBlobDigest: sha256:541ebb2cd12b97688753682ee0f9027fc095742e9bf3c15d20acb00f7cefbad2
        tags:
            - latest
            - 4.0.0
targets:
    egain:
        source: Knowledge Portal Manager APIs
        sourceNamespace: knowledge-portal-manager-ap-is
        sourceRevisionDigest: sha256:5dd444e80ae2906cb26df3a6a32fd11b009b427fa57c4d8b420749906117a112
        sourceBlobDigest: sha256:541ebb2cd12b97688753682ee0f9027fc095742e9bf3c15d20acb00f7cefbad2
        codeSamplesNamespace: knowledge-portal-manager-ap-is-python-code-samples
        codeSamplesRevisionDigest: sha256:a32d830b4d0ea1b3a00dc17ab59b0f01cf64404882ab19a942772964dbe37596
workflow:
    workflowVersion: 1.0.0
    speakeasyVersion: latest
    sources:
        Knowledge Portal Manager APIs:
            inputs:
                - location: ../speakeasy/aiservices/v4/api-with-overlay.yaml
                - location: ../speakeasy/contentmgr/v4/api-with-overlay.yaml
                - location: ../speakeasy/portalmgr/v4/api-with-overlay.yaml
            output: .speakeasy/out.openapi.yaml
            registry:
                location: registry.speakeasyapi.dev/egain-corporation/portalmgr/knowledge-portal-manager-ap-is
    targets:
        egain:
            target: python
            source: Knowledge Portal Manager APIs
            publish:
                pypi:
                    token: $pypi_token
            codeSamples:
                registry:
                    location: registry.speakeasyapi.dev/egain-corporation/portalmgr/knowledge-portal-manager-ap-is-python-code-samples
                labelOverride:
                    fixedValue: Python (SDK)
                blocking: false
